
Microsoft Visual Studio Solution File, Format Version 12.00
# Visual Studio Version 17
VisualStudioVersion = 17.14.36310.24 d17.14
MinimumVisualStudioVersion = 10.0.40219.1
Project("{FAE04EC0-301F-11D3-BF4B-00C04F79EFBC}") = "PapyrusLogMonitor.Avalonia", "PapyrusLogMonitor\PapyrusLogMonitor.Avalonia.csproj", "{D222071B-8952-3F85-850B-7D14EE34E1D5}"
EndProject
Project("{FAE04EC0-301F-11D3-BF4B-00C04F79EFBC}") = "PapyrusLogMonitor", "PapyrusLogMonitor.Desktop\PapyrusLogMonitor.csproj", "{F45198CE-11C6-4F13-AC92-1A9FEFC47331}"
EndProject
Project("{FAE04EC0-301F-11D3-BF4B-00C04F79EFBC}") = "PapyrusLogMonitor.Core.Tests", "PapyrusLogMonitor.Core.Tests\PapyrusLogMonitor.Core.Tests.csproj", "{FB664815-7265-4710-8606-568996EE6A9E}"
EndProject
Project("{FAE04EC0-301F-11D3-BF4B-00C04F79EFBC}") = "PapyrusLog.Core", "PapyrusLog.Core\PapyrusLog.Core.csproj", "{CA812E86-EBAF-417C-A569-28D3875A2274}"
EndProject
Global
	GlobalSection(SolutionConfigurationPlatforms) = preSolution
		Debug|Any CPU = Debug|Any CPU
		Release|Any CPU = Release|Any CPU
	EndGlobalSection
	GlobalSection(ProjectConfigurationPlatforms) = postSolution
		{D222071B-8952-3F85-850B-7D14EE34E1D5}.Debug|Any CPU.ActiveCfg = Debug|Any CPU
		{D222071B-8952-3F85-850B-7D14EE34E1D5}.Debug|Any CPU.Build.0 = Debug|Any CPU
		{D222071B-8952-3F85-850B-7D14EE34E1D5}.Release|Any CPU.ActiveCfg = Release|Any CPU
		{D222071B-8952-3F85-850B-7D14EE34E1D5}.Release|Any CPU.Build.0 = Release|Any CPU
		{F45198CE-11C6-4F13-AC92-1A9FEFC47331}.Debug|Any CPU.ActiveCfg = Debug|Any CPU
		{F45198CE-11C6-4F13-AC92-1A9FEFC47331}.Debug|Any CPU.Build.0 = Debug|Any CPU
		{F45198CE-11C6-4F13-AC92-1A9FEFC47331}.Release|Any CPU.ActiveCfg = Release|Any CPU
		{F45198CE-11C6-4F13-AC92-1A9FEFC47331}.Release|Any CPU.Build.0 = Release|Any CPU
		{FB664815-7265-4710-8606-568996EE6A9E}.Debug|Any CPU.ActiveCfg = Debug|Any CPU
		{FB664815-7265-4710-8606-568996EE6A9E}.Debug|Any CPU.Build.0 = Debug|Any CPU
		{FB664815-7265-4710-8606-568996EE6A9E}.Release|Any CPU.ActiveCfg = Release|Any CPU
		{FB664815-7265-4710-8606-568996EE6A9E}.Release|Any CPU.Build.0 = Release|Any CPU
		{CA812E86-EBAF-417C-A569-28D3875A2274}.Debug|Any CPU.ActiveCfg = Debug|Any CPU
		{CA812E86-EBAF-417C-A569-28D3875A2274}.Debug|Any CPU.Build.0 = Debug|Any CPU
		{CA812E86-EBAF-417C-A569-28D3875A2274}.Release|Any CPU.ActiveCfg = Release|Any CPU
		{CA812E86-EBAF-417C-A569-28D3875A2274}.Release|Any CPU.Build.0 = Release|Any CPU
	EndGlobalSection
	GlobalSection(SolutionProperties) = preSolution
		HideSolutionNode = FALSE
	EndGlobalSection
	GlobalSection(ExtensibilityGlobals) = postSolution
		SolutionGuid = {097667AA-32DD-4677-9303-28C0D06E0EEB}
	EndGlobalSection
EndGlobal
